// !$*UTF8*$!
{
	archiveVersion = 1;
	classes = {
	};
	objectVersion = 50;
	objects = {

/* Begin PBXBuildFile section */
		F01B738B20791DFE00877EE2 /* ProductDataSource.swift in Sources */ = {isa = PBXBuildFile; fileRef = F01B738A20791DFE00877EE2 /* ProductDataSource.swift */; };
		F01B738D20791E9300877EE2 /* DynamicValue.swift in Sources */ = {isa = PBXBuildFile; fileRef = F01B738C20791E9300877EE2 /* DynamicValue.swift */; };
		F01B738F20791F4500877EE2 /* ProductViewModel.swift in Sources */ = {isa = PBXBuildFile; fileRef = F01B738E20791F4500877EE2 /* ProductViewModel.swift */; };
		F0AC8B052078D4FB00ECA552 /* AppDelegate.swift in Sources */ = {isa = PBXBuildFile; fileRef = F0AC8B042078D4FB00ECA552 /* AppDelegate.swift */; };
		F0AC8B072078D4FB00ECA552 /* ViewController.swift in Sources */ = {isa = PBXBuildFile; fileRef = F0AC8B062078D4FB00ECA552 /* ViewController.swift */; };
		F0AC8B0A2078D4FB00ECA552 /* Main.storyboard in Resources */ = {isa = PBXBuildFile; fileRef = F0AC8B082078D4FB00ECA552 /* Main.storyboard */; };
		F0AC8B0D2078D4FB00ECA552 /* TurkcelliOSInterview.xcdatamodeld in Sources */ = {isa = PBXBuildFile; fileRef = F0AC8B0B2078D4FB00ECA552 /* TurkcelliOSInterview.xcdatamodeld */; };
		F0AC8B0F2078D4FE00ECA552 /* Assets.xcassets in Resources */ = {isa = PBXBuildFile; fileRef = F0AC8B0E2078D4FE00ECA552 /* Assets.xcassets */; };
		F0AC8B122078D4FE00ECA552 /* LaunchScreen.storyboard in Resources */ = {isa = PBXBuildFile; fileRef = F0AC8B102078D4FE00ECA552 /* LaunchScreen.storyboard */; };
		F0AC8B1D2078D4FE00ECA552 /* TurkcelliOSInterviewTests.swift in Sources */ = {isa = PBXBuildFile; fileRef = F0AC8B1C2078D4FE00ECA552 /* TurkcelliOSInterviewTests.swift */; };
		F0AC8B292078D81B00ECA552 /* NetworkManager.swift in Sources */ = {isa = PBXBuildFile; fileRef = F0AC8B282078D81B00ECA552 /* NetworkManager.swift */; };
		F0AC8B2D2078D8B500ECA552 /* ProductListResponse.swift in Sources */ = {isa = PBXBuildFile; fileRef = F0AC8B2B2078D8B500ECA552 /* ProductListResponse.swift */; };
		F0AC8B2E2078D8B500ECA552 /* Product.swift in Sources */ = {isa = PBXBuildFile; fileRef = F0AC8B2C2078D8B500ECA552 /* Product.swift */; };
		F0AC8B372078DEE900ECA552 /* ProductListCell.xib in Resources */ = {isa = PBXBuildFile; fileRef = F0AC8B352078DEE800ECA552 /* ProductListCell.xib */; };
		F0AC8B382078DEE900ECA552 /* ProductListCell.swift in Sources */ = {isa = PBXBuildFile; fileRef = F0AC8B362078DEE800ECA552 /* ProductListCell.swift */; };
		F0D418A22078F11A00392428 /* Extension.swift in Sources */ = {isa = PBXBuildFile; fileRef = F0D418A12078F11A00392428 /* Extension.swift */; };
/* End PBXBuildFile section */

/* Begin PBXContainerItemProxy section */
		F0AC8B192078D4FE00ECA552 /* PBXContainerItemProxy */ = {
			isa = PBXContainerItemProxy;
			containerPortal = F0AC8AF92078D4FB00ECA552 /* Project object */;
			proxyType = 1;
			remoteGlobalIDString = F0AC8B002078D4FB00ECA552;
			remoteInfo = TurkcelliOSInterview;
		};
/* End PBXContainerItemProxy section */

/* Begin PBXFileReference section */
		F01B738A20791DFE00877EE2 /* ProductDataSource.swift */ = {isa = PBXFileReference; fileEncoding = 4; lastKnownFileType = sourcecode.swift; path = ProductDataSource.swift; sourceTree = "<group>"; };
		F01B738C20791E9300877EE2 /* DynamicValue.swift */ = {isa = PBXFileReference; fileEncoding = 4; lastKnownFileType = sourcecode.swift; path = DynamicValue.swift; sourceTree = "<group>"; };
		F01B738E20791F4500877EE2 /* ProductViewModel.swift */ = {isa = PBXFileReference; fileEncoding = 4; lastKnownFileType = sourcecode.swift; path = ProductViewModel.swift; sourceTree = "<group>"; };
		F0AC8B012078D4FB00ECA552 /* TurkcelliOSInterview.app */ = {isa = PBXFileReference; explicitFileType = wrapper.application; includeInIndex = 0; path = TurkcelliOSInterview.app; sourceTree = BUILT_PRODUCTS_DIR; };
		F0AC8B042078D4FB00ECA552 /* AppDelegate.swift */ = {isa = PBXFileReference; lastKnownFileType = sourcecode.swift; path = AppDelegate.swift; sourceTree = "<group>"; };
		F0AC8B062078D4FB00ECA552 /* ViewController.swift */ = {isa = PBXFileReference; lastKnownFileType = sourcecode.swift; path = ViewController.swift; sourceTree = "<group>"; };
		F0AC8B092078D4FB00ECA552 /* Base */ = {isa = PBXFileReference; lastKnownFileType = file.storyboard; name = Base; path = Base.lproj/Main.storyboard; sourceTree = "<group>"; };
		F0AC8B0C2078D4FB00ECA552 /* TurkcelliOSInterview.xcdatamodel */ = {isa = PBXFileReference; lastKnownFileType = wrapper.xcdatamodel; path = TurkcelliOSInterview.xcdatamodel; sourceTree = "<group>"; };
		F0AC8B0E2078D4FE00ECA552 /* Assets.xcassets */ = {isa = PBXFileReference; lastKnownFileType = folder.assetcatalog; path = Assets.xcassets; sourceTree = "<group>"; };
		F0AC8B112078D4FE00ECA552 /* Base */ = {isa = PBXFileReference; lastKnownFileType = file.storyboard; name = Base; path = Base.lproj/LaunchScreen.storyboard; sourceTree = "<group>"; };
		F0AC8B132078D4FE00ECA552 /* Info.plist */ = {isa = PBXFileReference; lastKnownFileType = text.plist.xml; path = Info.plist; sourceTree = "<group>"; };
		F0AC8B182078D4FE00ECA552 /* TurkcelliOSInterviewTests.xctest */ = {isa = PBXFileReference; explicitFileType = wrapper.cfbundle; includeInIndex = 0; path = TurkcelliOSInterviewTests.xctest; sourceTree = BUILT_PRODUCTS_DIR; };
		F0AC8B1C2078D4FE00ECA552 /* TurkcelliOSInterviewTests.swift */ = {isa = PBXFileReference; lastKnownFileType = sourcecode.swift; path = TurkcelliOSInterviewTests.swift; sourceTree = "<group>"; };
		F0AC8B1E2078D4FE00ECA552 /* Info.plist */ = {isa = PBXFileReference; lastKnownFileType = text.plist.xml; path = Info.plist; sourceTree = "<group>"; };
		F0AC8B282078D81B00ECA552 /* NetworkManager.swift */ = {isa = PBXFileReference; lastKnownFileType = sourcecode.swift; path = NetworkManager.swift; sourceTree = "<group>"; };
		F0AC8B2B2078D8B500ECA552 /* ProductListResponse.swift */ = {isa = PBXFileReference; fileEncoding = 4; lastKnownFileType = sourcecode.swift; path = ProductListResponse.swift; sourceTree = "<group>"; };
		F0AC8B2C2078D8B500ECA552 /* Product.swift */ = {isa = PBXFileReference; fileEncoding = 4; lastKnownFileType = sourcecode.swift; path = Product.swift; sourceTree = "<group>"; };
		F0AC8B352078DEE800ECA552 /* ProductListCell.xib */ = {isa = PBXFileReference; fileEncoding = 4; lastKnownFileType = file.xib; path = ProductListCell.xib; sourceTree = "<group>"; };
		F0AC8B362078DEE800ECA552 /* ProductListCell.swift */ = {isa = PBXFileReference; fileEncoding = 4; lastKnownFileType = sourcecode.swift; path = ProductListCell.swift; sourceTree = "<group>"; };
		F0D418A12078F11A00392428 /* Extension.swift */ = {isa = PBXFileReference; lastKnownFileType = sourcecode.swift; path = Extension.swift; sourceTree = "<group>"; };
/* End PBXFileReference section */

/* Begin PBXFrameworksBuildPhase section */
		F0AC8AFE2078D4FB00ECA552 /* Frameworks */ = {
			isa = PBXFrameworksBuildPhase;
			buildActionMask = 2147483647;
			files = (
			);
			runOnlyForDeploymentPostprocessing = 0;
		};
		F0AC8B152078D4FE00ECA552 /* Frameworks */ = {
			isa = PBXFrameworksBuildPhase;
			buildActionMask = 2147483647;
			files = (
			);
			runOnlyForDeploymentPostprocessing = 0;
		};
/* End PBXFrameworksBuildPhase section */

/* Begin PBXGroup section */
		F01B738920791DEA00877EE2 /* ViewModel */ = {
			isa = PBXGroup;
			children = (
				F01B738E20791F4500877EE2 /* ProductViewModel.swift */,
				F01B738A20791DFE00877EE2 /* ProductDataSource.swift */,
			);
			path = ViewModel;
			sourceTree = "<group>";
		};
		F0AC8AF82078D4FB00ECA552 = {
			isa = PBXGroup;
			children = (
				F0AC8B032078D4FB00ECA552 /* TurkcelliOSInterview */,
				F0AC8B1B2078D4FE00ECA552 /* TurkcelliOSInterviewTests */,
				F0AC8B022078D4FB00ECA552 /* Products */,
			);
			sourceTree = "<group>";
		};
		F0AC8B022078D4FB00ECA552 /* Products */ = {
			isa = PBXGroup;
			children = (
				F0AC8B012078D4FB00ECA552 /* TurkcelliOSInterview.app */,
				F0AC8B182078D4FE00ECA552 /* TurkcelliOSInterviewTests.xctest */,
			);
			name = Products;
			sourceTree = "<group>";
		};
		F0AC8B032078D4FB00ECA552 /* TurkcelliOSInterview */ = {
			isa = PBXGroup;
			children = (
				F01B738920791DEA00877EE2 /* ViewModel */,
				F0D418A02078F0FF00392428 /* Extension */,
				F0AC8B2F2078DE9000ECA552 /* Cell */,
				F0AC8B2A2078D8AA00ECA552 /* Model */,
				F0AC8B272078D7FB00ECA552 /* Managers */,
				F0AC8B042078D4FB00ECA552 /* AppDelegate.swift */,
				F0AC8B062078D4FB00ECA552 /* ViewController.swift */,
				F0AC8B082078D4FB00ECA552 /* Main.storyboard */,
				F0AC8B0E2078D4FE00ECA552 /* Assets.xcassets */,
				F0AC8B102078D4FE00ECA552 /* LaunchScreen.storyboard */,
				F0AC8B132078D4FE00ECA552 /* Info.plist */,
				F0AC8B0B2078D4FB00ECA552 /* TurkcelliOSInterview.xcdatamodeld */,
			);
			path = TurkcelliOSInterview;
			sourceTree = "<group>";
		};
		F0AC8B1B2078D4FE00ECA552 /* TurkcelliOSInterviewTests */ = {
			isa = PBXGroup;
			children = (
				F0AC8B1C2078D4FE00ECA552 /* TurkcelliOSInterviewTests.swift */,
				F0AC8B1E2078D4FE00ECA552 /* Info.plist */,
			);
			path = TurkcelliOSInterviewTests;
			sourceTree = "<group>";
		};
		F0AC8B272078D7FB00ECA552 /* Managers */ = {
			isa = PBXGroup;
			children = (
				F0AC8B282078D81B00ECA552 /* NetworkManager.swift */,
			);
			path = Managers;
			sourceTree = "<group>";
		};
		F0AC8B2A2078D8AA00ECA552 /* Model */ = {
			isa = PBXGroup;
			children = (
				F0AC8B2C2078D8B500ECA552 /* Product.swift */,
				F0AC8B2B2078D8B500ECA552 /* ProductListResponse.swift */,
				F01B738C20791E9300877EE2 /* DynamicValue.swift */,
			);
			path = Model;
			sourceTree = "<group>";
		};
		F0AC8B2F2078DE9000ECA552 /* Cell */ = {
			isa = PBXGroup;
			children = (
				F0AC8B342078DEE800ECA552 /* ProductListCell */,
			);
			path = Cell;
			sourceTree = "<group>";
		};
		F0AC8B342078DEE800ECA552 /* ProductListCell */ = {
			isa = PBXGroup;
			children = (
				F0AC8B352078DEE800ECA552 /* ProductListCell.xib */,
				F0AC8B362078DEE800ECA552 /* ProductListCell.swift */,
			);
			path = ProductListCell;
			sourceTree = "<group>";
		};
		F0D418A02078F0FF00392428 /* Extension */ = {
			isa = PBXGroup;
			children = (
				F0D418A12078F11A00392428 /* Extension.swift */,
			);
			path = Extension;
			sourceTree = "<group>";
		};
/* End PBXGroup section */

/* Begin PBXNativeTarget section */
		F0AC8B002078D4FB00ECA552 /* TurkcelliOSInterview */ = {
			isa = PBXNativeTarget;
			buildConfigurationList = F0AC8B212078D4FF00ECA552 /* Build configuration list for PBXNativeTarget "TurkcelliOSInterview" */;
			buildPhases = (
				F0AC8AFD2078D4FB00ECA552 /* Sources */,
				F0AC8AFE2078D4FB00ECA552 /* Frameworks */,
				F0AC8AFF2078D4FB00ECA552 /* Resources */,
			);
			buildRules = (
			);
			dependencies = (
			);
			name = TurkcelliOSInterview;
			productName = TurkcelliOSInterview;
			productReference = F0AC8B012078D4FB00ECA552 /* TurkcelliOSInterview.app */;
			productType = "com.apple.product-type.application";
		};
		F0AC8B172078D4FE00ECA552 /* TurkcelliOSInterviewTests */ = {
			isa = PBXNativeTarget;
			buildConfigurationList = F0AC8B242078D4FF00ECA552 /* Build configuration list for PBXNativeTarget "TurkcelliOSInterviewTests" */;
			buildPhases = (
				F0AC8B142078D4FE00ECA552 /* Sources */,
				F0AC8B152078D4FE00ECA552 /* Frameworks */,
				F0AC8B162078D4FE00ECA552 /* Resources */,
			);
			buildRules = (
			);
			dependencies = (
				F0AC8B1A2078D4FE00ECA552 /* PBXTargetDependency */,
			);
			name = TurkcelliOSInterviewTests;
			productName = TurkcelliOSInterviewTests;
			productReference = F0AC8B182078D4FE00ECA552 /* TurkcelliOSInterviewTests.xctest */;
			productType = "com.apple.product-type.bundle.unit-test";
		};
/* End PBXNativeTarget section */

/* Begin PBXProject section */
		F0AC8AF92078D4FB00ECA552 /* Project object */ = {
			isa = PBXProject;
			attributes = {
				LastSwiftUpdateCheck = 0930;
				LastUpgradeCheck = 0930;
				ORGANIZATIONNAME = "Hakkı Yiğit Yener";
				TargetAttributes = {
					F0AC8B002078D4FB00ECA552 = {
						CreatedOnToolsVersion = 9.3;
					};
					F0AC8B172078D4FE00ECA552 = {
						CreatedOnToolsVersion = 9.3;
						TestTargetID = F0AC8B002078D4FB00ECA552;
					};
				};
			};
			buildConfigurationList = F0AC8AFC2078D4FB00ECA552 /* Build configuration list for PBXProject "TurkcelliOSInterview" */;
			compatibilityVersion = "Xcode 9.3";
			developmentRegion = en;
			hasScannedForEncodings = 0;
			knownRegions = (
				en,
				Base,
			);
			mainGroup = F0AC8AF82078D4FB00ECA552;
			productRefGroup = F0AC8B022078D4FB00ECA552 /* Products */;
			projectDirPath = "";
			projectRoot = "";
			targets = (
				F0AC8B002078D4FB00ECA552 /* TurkcelliOSInterview */,
				F0AC8B172078D4FE00ECA552 /* TurkcelliOSInterviewTests */,
			);
		};
/* End PBXProject section */

/* Begin PBXResourcesBuildPhase section */
		F0AC8AFF2078D4FB00ECA552 /* Resources */ = {
			isa = PBXResourcesBuildPhase;
			buildActionMask = 2147483647;
			files = (
				F0AC8B122078D4FE00ECA552 /* LaunchScreen.storyboard in Resources */,
				F0AC8B372078DEE900ECA552 /* ProductListCell.xib in Resources */,
				F0AC8B0F2078D4FE00ECA552 /* Assets.xcassets in Resources */,
				F0AC8B0A2078D4FB00ECA552 /* Main.storyboard in Resources */,
			);
			runOnlyForDeploymentPostprocessing = 0;
		};
		F0AC8B162078D4FE00ECA552 /* Resources */ = {
			isa = PBXResourcesBuildPhase;
			buildActionMask = 2147483647;
			files = (
			);
			runOnlyForDeploymentPostprocessing = 0;
		};
/* End PBXResourcesBuildPhase section */

/* Begin PBXSourcesBuildPhase section */
		F0AC8AFD2078D4FB00ECA552 /* Sources */ = {
			isa = PBXSourcesBuildPhase;
			buildActionMask = 2147483647;
			files = (
				F0AC8B292078D81B00ECA552 /* NetworkManager.swift in Sources */,
				F01B738F20791F4500877EE2 /* ProductViewModel.swift in Sources */,
				F0AC8B072078D4FB00ECA552 /* ViewController.swift in Sources */,
				F0AC8B2D2078D8B500ECA552 /* ProductListResponse.swift in Sources */,
				F0AC8B0D2078D4FB00ECA552 /* TurkcelliOSInterview.xcdatamodeld in Sources */,
				F0AC8B382078DEE900ECA552 /* ProductListCell.swift in Sources */,
				F01B738B20791DFE00877EE2 /* ProductDataSource.swift in Sources */,
				F0AC8B052078D4FB00ECA552 /* AppDelegate.swift in Sources */,
				F01B738D20791E9300877EE2 /* DynamicValue.swift in Sources */,
				F0AC8B2E2078D8B500ECA552 /* Product.swift in Sources */,
				F0D418A22078F11A00392428 /* Extension.swift in Sources */,
			);
			runOnlyForDeploymentPostprocessing = 0;
		};
		F0AC8B142078D4FE00ECA552 /* Sources */ = {
			isa = PBXSourcesBuildPhase;
			buildActionMask = 2147483647;
			files = (
				F0AC8B1D2078D4FE00ECA552 /* TurkcelliOSInterviewTests.swift in Sources */,
			);
			runOnlyForDeploymentPostprocessing = 0;
		};
/* End PBXSourcesBuildPhase section */

/* Begin PBXTargetDependency section */
		F0AC8B1A2078D4FE00ECA552 /* PBXTargetDependency */ = {
			isa = PBXTargetDependency;
			target = F0AC8B002078D4FB00ECA552 /* TurkcelliOSInterview */;
			targetProxy = F0AC8B192078D4FE00ECA552 /* PBXContainerItemProxy */;
		};
/* End PBXTargetDependency section */

/* Begin PBXVariantGroup section */
		F0AC8B082078D4FB00ECA552 /* Main.storyboard */ = {
			isa = PBXVariantGroup;
			children = (
				F0AC8B092078D4FB00ECA552 /* Base */,
			);
			name = Main.storyboard;
			sourceTree = "<group>";
		};
		F0AC8B102078D4FE00ECA552 /* LaunchScreen.storyboard */ = {
			isa = PBXVariantGroup;
			children = (
				F0AC8B112078D4FE00ECA552 /* Base */,
			);
			name = LaunchScreen.storyboard;
			sourceTree = "<group>";
		};
/* End PBXVariantGroup section */

/* Begin XCBuildConfiguration section */
		F0AC8B1F2078D4FE00ECA552 /* Debug */ = {
			isa = XCBuildConfiguration;
			buildSettings = {
				ALWAYS_SEARCH_USER_PATHS = NO;
				CLANG_ANALYZER_NONNULL = YES;
				CLANG_ANALYZER_NUMBER_OBJECT_CONVERSION = YES_AGGRESSIVE;
				CLANG_CXX_LANGUAGE_STANDARD = "gnu++14";
				CLANG_CXX_LIBRARY = "libc++";
				CLANG_ENABLE_MODULES = YES;
				CLANG_ENABLE_OBJC_ARC = YES;
				CLANG_ENABLE_OBJC_WEAK = YES;
				CLANG_WARN_BLOCK_CAPTURE_AUTORELEASING = YES;
				CLANG_WARN_BOOL_CONVERSION = YES;
				CLANG_WARN_COMMA = YES;
				CLANG_WARN_CONSTANT_CONVERSION = YES;
				CLANG_WARN_DEPRECATED_OBJC_IMPLEMENTATIONS = YES;
				CLANG_WARN_DIRECT_OBJC_ISA_USAGE = YES_ERROR;
				CLANG_WARN_DOCUMENTATION_COMMENTS = YES;
				CLANG_WARN_EMPTY_BODY = YES;
				CLANG_WARN_ENUM_CONVERSION = YES;
				CLANG_WARN_INFINITE_RECURSION = YES;
				CLANG_WARN_INT_CONVERSION = YES;
				CLANG_WARN_NON_LITERAL_NULL_CONVERSION = YES;
				CLANG_WARN_OBJC_IMPLICIT_RETAIN_SELF = YES;
				CLANG_WARN_OBJC_LITERAL_CONVERSION = YES;
				CLANG_WARN_OBJC_ROOT_CLASS = YES_ERROR;
				CLANG_WARN_RANGE_LOOP_ANALYSIS = YES;
				CLANG_WARN_STRICT_PROTOTYPES = YES;
				CLANG_WARN_SUSPICIOUS_MOVE = YES;
				CLANG_WARN_UNGUARDED_AVAILABILITY = YES_AGGRESSIVE;
				CLANG_WARN_UNREACHABLE_CODE = YES;
				CLANG_WARN__DUPLICATE_METHOD_MATCH = YES;
				CODE_SIGN_IDENTITY = "iPhone Developer";
				COPY_PHASE_STRIP = NO;
				DEBUG_INFORMATION_FORMAT = dwarf;
				ENABLE_STRICT_OBJC_MSGSEND = YES;
				ENABLE_TESTABILITY = YES;
				GCC_C_LANGUAGE_STANDARD = gnu11;
				GCC_DYNAMIC_NO_PIC = NO;
				GCC_NO_COMMON_BLOCKS = YES;
				GCC_OPTIMIZATION_LEVEL = 0;
				GCC_PREPROCESSOR_DEFINITIONS = (
					"DEBUG=1",
					"$(inherited)",
				);
				GCC_WARN_64_TO_32_BIT_CONVERSION = YES;
				GCC_WARN_ABOUT_RETURN_TYPE = YES_ERROR;
				GCC_WARN_UNDECLARED_SELECTOR = YES;
				GCC_WARN_UNINITIALIZED_AUTOS = YES_AGGRESSIVE;
				GCC_WARN_UNUSED_FUNCTION = YES;
				GCC_WARN_UNUSED_VARIABLE = YES;
				IPHONEOS_DEPLOYMENT_TARGET = 11.3;
				MTL_ENABLE_DEBUG_INFO = YES;
				ONLY_ACTIVE_ARCH = YES;
				SDKROOT = iphoneos;
				SWIFT_ACTIVE_COMPILATION_CONDITIONS = DEBUG;
				SWIFT_OPTIMIZATION_LEVEL = "-Onone";
			};
			name = Debug;
		};
		F0AC8B202078D4FF00ECA552 /* Release */ = {
			isa = XCBuildConfiguration;
			buildSettings = {
				ALWAYS_SEARCH_USER_PATHS = NO;
				CLANG_ANALYZER_NONNULL = YES;
				CLANG_ANALYZER_NUMBER_OBJECT_CONVERSION = YES_AGGRESSIVE;
				CLANG_CXX_LANGUAGE_STANDARD = "gnu++14";
				CLANG_CXX_LIBRARY = "libc++";
				CLANG_ENABLE_MODULES = YES;
				CLANG_ENABLE_OBJC_ARC = YES;
				CLANG_ENABLE_OBJC_WEAK = YES;
				CLANG_WARN_BLOCK_CAPTURE_AUTORELEASING = YES;
				CLANG_WARN_BOOL_CONVERSION = YES;
				CLANG_WARN_COMMA = YES;
				CLANG_WARN_CONSTANT_CONVERSION = YES;
				CLANG_WARN_DEPRECATED_OBJC_IMPLEMENTATIONS = YES;
				CLANG_WARN_DIRECT_OBJC_ISA_USAGE = YES_ERROR;
				CLANG_WARN_DOCUMENTATION_COMMENTS = YES;
				CLANG_WARN_EMPTY_BODY = YES;
				CLANG_WARN_ENUM_CONVERSION = YES;
				CLANG_WARN_INFINITE_RECURSION = YES;
				CLANG_WARN_INT_CONVERSION = YES;
				CLANG_WARN_NON_LITERAL_NULL_CONVERSION = YES;
				CLANG_WARN_OBJC_IMPLICIT_RETAIN_SELF = YES;
				CLANG_WARN_OBJC_LITERAL_CONVERSION = YES;
				CLANG_WARN_OBJC_ROOT_CLASS = YES_ERROR;
				CLANG_WARN_RANGE_LOOP_ANALYSIS = YES;
				CLANG_WARN_STRICT_PROTOTYPES = YES;
				CLANG_WARN_SUSPICIOUS_MOVE = YES;
				CLANG_WARN_UNGUARDED_AVAILABILITY = YES_AGGRESSIVE;
				CLANG_WARN_UNREACHABLE_CODE = YES;
				CLANG_WARN__DUPLICATE_METHOD_MATCH = YES;
				CODE_SIGN_IDENTITY = "iPhone Developer";
				COPY_PHASE_STRIP = NO;
				DEBUG_INFORMATION_FORMAT = "dwarf-with-dsym";
				ENABLE_NS_ASSERTIONS = NO;
				ENABLE_STRICT_OBJC_MSGSEND = YES;
				GCC_C_LANGUAGE_STANDARD = gnu11;
				GCC_NO_COMMON_BLOCKS = YES;
				GCC_WARN_64_TO_32_BIT_CONVERSION = YES;
				GCC_WARN_ABOUT_RETURN_TYPE = YES_ERROR;
				GCC_WARN_UNDECLARED_SELECTOR = YES;
				GCC_WARN_UNINITIALIZED_AUTOS = YES_AGGRESSIVE;
				GCC_WARN_UNUSED_FUNCTION = YES;
				GCC_WARN_UNUSED_VARIABLE = YES;
				IPHONEOS_DEPLOYMENT_TARGET = 11.3;
				MTL_ENABLE_DEBUG_INFO = NO;
				SDKROOT = iphoneos;
				SWIFT_COMPILATION_MODE = wholemodule;
				SWIFT_OPTIMIZATION_LEVEL = "-O";
				VALIDATE_PRODUCT = YES;
			};
			name = Release;
		};
		F0AC8B222078D4FF00ECA552 /* Debug */ = {
			isa = XCBuildConfiguration;
			buildSettings = {
				ASSETCATALOG_COMPILER_APPICON_NAME = AppIcon;
				CODE_SIGN_STYLE = Automatic;
				DEVELOPMENT_TEAM = D9K6M3C9CG;
				INFOPLIST_FILE = TurkcelliOSInterview/Info.plist;
				LD_RUNPATH_SEARCH_PATHS = (
					"$(inherited)",
					"@executable_path/Frameworks",
				);
				PRODUCT_BUNDLE_IDENTIFIER = com.yener.TurkcelliOSInterview;
				PRODUCT_NAME = "$(TARGET_NAME)";
				SWIFT_VERSION = 4.0;
				TARGETED_DEVICE_FAMILY = "1,2";
			};
			name = Debug;
		};
		F0AC8B232078D4FF00ECA552 /* Release */ = {
			isa = XCBuildConfiguration;
			buildSettings = {
				ASSETCATALOG_COMPILER_APPICON_NAME = AppIcon;
				CODE_SIGN_STYLE = Automatic;
				DEVELOPMENT_TEAM = D9K6M3C9CG;
				INFOPLIST_FILE = TurkcelliOSInterview/Info.plist;
				LD_RUNPATH_SEARCH_PATHS = (
					"$(inherited)",
					"@executable_path/Frameworks",
				);
				PRODUCT_BUNDLE_IDENTIFIER = com.yener.TurkcelliOSInterview;
				PRODUCT_NAME = "$(TARGET_NAME)";
				SWIFT_VERSION = 4.0;
				TARGETED_DEVICE_FAMILY = "1,2";
			};
			name = Release;
		};
		F0AC8B252078D4FF00ECA552 /* Debug */ = {
			isa = XCBuildConfiguration;
			buildSettings = {
				ALWAYS_EMBED_SWIFT_STANDARD_LIBRARIES = YES;
				BUNDLE_LOADER = "$(TEST_HOST)";
				CODE_SIGN_STYLE = Automatic;
				DEVELOPMENT_TEAM = D9K6M3C9CG;
				INFOPLIST_FILE = TurkcelliOSInterviewTests/Info.plist;
				LD_RUNPATH_SEARCH_PATHS = (
					"$(inherited)",
					"@executable_path/Frameworks",
					"@loader_path/Frameworks",
				);
				PRODUCT_BUNDLE_IDENTIFIER = com.yener.TurkcelliOSInterviewTests;
				PRODUCT_NAME = "$(TARGET_NAME)";
				SWIFT_VERSION = 4.0;
				TARGETED_DEVICE_FAMILY = "1,2";
				TEST_HOST = "$(BUILT_PRODUCTS_DIR)/TurkcelliOSInterview.app/TurkcelliOSInterview";
			};
			name = Debug;
		};
		F0AC8B262078D4FF00ECA552 /* Release */ = {
			isa = XCBuildConfiguration;
			buildSettings = {
				ALWAYS_EMBED_SWIFT_STANDARD_LIBRARIES = YES;
				BUNDLE_LOADER = "$(TEST_HOST)";
				CODE_SIGN_STYLE = Automatic;
				DEVELOPMENT_TEAM = D9K6M3C9CG;
				INFOPLIST_FILE = TurkcelliOSInterviewTests/Info.plist;
				LD_RUNPATH_SEARCH_PATHS = (
					"$(inherited)",
					"@executable_path/Frameworks",
					"@loader_path/Frameworks",
				);
				PRODUCT_BUNDLE_IDENTIFIER = com.yener.TurkcelliOSInterviewTests;
				PRODUCT_NAME = "$(TARGET_NAME)";
				SWIFT_VERSION = 4.0;
				TARGETED_DEVICE_FAMILY = "1,2";
				TEST_HOST = "$(BUILT_PRODUCTS_DIR)/TurkcelliOSInterview.app/TurkcelliOSInterview";
			};
			name = Release;
		};
/* End XCBuildConfiguration section */

/* Begin XCConfigurationList section */
		F0AC8AFC2078D4FB00ECA552 /* Build configuration list for PBXProject "TurkcelliOSInterview" */ = {
			isa = XCConfigurationList;
			buildConfigurations = (
				F0AC8B1F2078D4FE00ECA552 /* Debug */,
				F0AC8B202078D4FF00ECA552 /* Release */,
			);
			defaultConfigurationIsVisible = 0;
			defaultConfigurationName = Release;
		};
		F0AC8B212078D4FF00ECA552 /* Build configuration list for PBXNativeTarget "TurkcelliOSInterview" */ = {
			isa = XCConfigurationList;
			buildConfigurations = (
				F0AC8B222078D4FF00ECA552 /* Debug */,
				F0AC8B232078D4FF00ECA552 /* Release */,
			);
			defaultConfigurationIsVisible = 0;
			defaultConfigurationName = Release;
		};
		F0AC8B242078D4FF00ECA552 /* Build configuration list for PBXNativeTarget "TurkcelliOSInterviewTests" */ = {
			isa = XCConfigurationList;
			buildConfigurations = (
				F0AC8B252078D4FF00ECA552 /* Debug */,
				F0AC8B262078D4FF00ECA552 /* Release */,
			);
			defaultConfigurationIsVisible = 0;
			defaultConfigurationName = Release;
		};
/* End XCConfigurationList section */

/* Begin XCVersionGroup section */
		F0AC8B0B2078D4FB00ECA552 /* TurkcelliOSInterview.xcdatamodeld */ = {
			isa = XCVersionGroup;
			children = (
				F0AC8B0C2078D4FB00ECA552 /* TurkcelliOSInterview.xcdatamodel */,
			);
			currentVersion = F0AC8B0C2078D4FB00ECA552 /* TurkcelliOSInterview.xcdatamodel */;
			path = TurkcelliOSInterview.xcdatamodeld;
			sourceTree = "<group>";
			versionGroupType = wrapper.xcdatamodel;
		};
/* End XCVersionGroup section */
	};
	rootObject = F0AC8AF92078D4FB00ECA552 /* Project object */;
}
